{
  "requires": true,
  "lockfileVersion": 1,
  "dependencies": {
    "paulos-palindrome": {
      "version": "0.1.1",
      "resolved": "https://registry.npmjs.org/paulos-palindrome/-/paulos-palindrome-0.1.1.tgz",
      "integrity": "sha512-k5RikJCQbnGgR8ZHfNur/swGo4iU+qMWXRHjJ5GoYU8DfMF1qqfctpLdIZ7RnWMZFfgJOVORPdMlSKtiVO6rdw=="
    }
  }
}
