{
  "requires": true,
  "lockfileVersion": 1,
  "dependencies": {
    "paulos-palindrome": {
      "version": "0.1.2",
      "resolved": "https://registry.npmjs.org/paulos-palindrome/-/paulos-palindrome-0.1.2.tgz",
      "integrity": "sha512-m4AdPYVBpKJYkvK+F0snDd4eXAVbucIjCamJcdNiK8oOFBQPXBp4Zj46E0cI2cN5qn6HszPHkJInu8o5dMtFTA=="
    }
  }
}
